
Microsoft Visual Studio Solution File, Format Version 12.00
# Visual Studio Version 17
VisualStudioVersion = 17.4.33205.214
MinimumVisualStudioVersion = 10.0.40219.1
Project("{FAE04EC0-301F-11D3-BF4B-00C04F79EFBC}") = "MVCIntroDemo", "MVCIntroDemo\MVCIntroDemo.csproj", "{A7920871-F089-4924-9481-20F53B14D6FC}"
EndProject
Project("{FAE04EC0-301F-11D3-BF4B-00C04F79EFBC}") = "ChatApp", "ChatApp\ChatApp.csproj", "{1E91061E-E16A-447A-8C88-33544CD78066}"
EndProject
Project("{FAE04EC0-301F-11D3-BF4B-00C04F79EFBC}") = "TextSplitter", "TextSplitter\TextSplitter.csproj", "{895A9531-C811-4C32-8C36-FA608C81052A}"
EndProject
Global
	GlobalSection(SolutionConfigurationPlatforms) = preSolution
		Debug|Any CPU = Debug|Any CPU
		Release|Any CPU = Release|Any CPU
	EndGlobalSection
	GlobalSection(ProjectConfigurationPlatforms) = postSolution
		{A7920871-F089-4924-9481-20F53B14D6FC}.Debug|Any CPU.ActiveCfg = Debug|Any CPU
		{A7920871-F089-4924-9481-20F53B14D6FC}.Debug|Any CPU.Build.0 = Debug|Any CPU
		{A7920871-F089-4924-9481-20F53B14D6FC}.Release|Any CPU.ActiveCfg = Release|Any CPU
		{A7920871-F089-4924-9481-20F53B14D6FC}.Release|Any CPU.Build.0 = Release|Any CPU
		{1E91061E-E16A-447A-8C88-33544CD78066}.Debug|Any CPU.ActiveCfg = Debug|Any CPU
		{1E91061E-E16A-447A-8C88-33544CD78066}.Debug|Any CPU.Build.0 = Debug|Any CPU
		{1E91061E-E16A-447A-8C88-33544CD78066}.Release|Any CPU.ActiveCfg = Release|Any CPU
		{1E91061E-E16A-447A-8C88-33544CD78066}.Release|Any CPU.Build.0 = Release|Any CPU
		{895A9531-C811-4C32-8C36-FA608C81052A}.Debug|Any CPU.ActiveCfg = Debug|Any CPU
		{895A9531-C811-4C32-8C36-FA608C81052A}.Debug|Any CPU.Build.0 = Debug|Any CPU
		{895A9531-C811-4C32-8C36-FA608C81052A}.Release|Any CPU.ActiveCfg = Release|Any CPU
		{895A9531-C811-4C32-8C36-FA608C81052A}.Release|Any CPU.Build.0 = Release|Any CPU
	EndGlobalSection
	GlobalSection(SolutionProperties) = preSolution
		HideSolutionNode = FALSE
	EndGlobalSection
	GlobalSection(ExtensibilityGlobals) = postSolution
		SolutionGuid = {B00CBCA3-E59F-4E97-847A-7FFB2A2AA665}
	EndGlobalSection
EndGlobal
